
Microsoft Visual Studio Solution File, Format Version 12.00
# Visual Studio Version 17
VisualStudioVersion = 17.0.32014.148
MinimumVisualStudioVersion = 10.0.40219.1
Project("{8BC9CEB8-8B4A-11D0-8D11-00A0C91BC942}") = "Midterm_01", "Midterm_01\Midterm_01.vcxproj", "{7754E33A-A088-4DD5-9CD3-F71BD31DC3A3}"
EndProject
Project("{8BC9CEB8-8B4A-11D0-8D11-00A0C91BC942}") = "Midterm_02", "Midterm_02\Midterm_02.vcxproj", "{C317D9BE-58C5-4487-8736-08426FFD8E5E}"
EndProject
Project("{8BC9CEB8-8B4A-11D0-8D11-00A0C91BC942}") = "Midterm_03", "Midterm_03\Midterm_03.vcxproj", "{69362DE2-E137-4F18-8E0D-67BDC53A0954}"
EndProject
Project("{8BC9CEB8-8B4A-11D0-8D11-00A0C91BC942}") = "Midterm_21", "Midterm_21\Midterm_21.vcxproj", "{F38C20A6-E049-46CB-813E-3BB1230E84C8}"
EndProject
Global
	GlobalSection(SolutionConfigurationPlatforms) = preSolution
		Debug|x64 = Debug|x64
		Debug|x86 = Debug|x86
		Release|x64 = Release|x64
		Release|x86 = Release|x86
	EndGlobalSection
	GlobalSection(ProjectConfigurationPlatforms) = postSolution
		{7754E33A-A088-4DD5-9CD3-F71BD31DC3A3}.Debug|x64.ActiveCfg = Debug|x64
		{7754E33A-A088-4DD5-9CD3-F71BD31DC3A3}.Debug|x64.Build.0 = Debug|x64
		{7754E33A-A088-4DD5-9CD3-F71BD31DC3A3}.Debug|x86.ActiveCfg = Debug|Win32
		{7754E33A-A088-4DD5-9CD3-F71BD31DC3A3}.Debug|x86.Build.0 = Debug|Win32
		{7754E33A-A088-4DD5-9CD3-F71BD31DC3A3}.Release|x64.ActiveCfg = Release|x64
		{7754E33A-A088-4DD5-9CD3-F71BD31DC3A3}.Release|x64.Build.0 = Release|x64
		{7754E33A-A088-4DD5-9CD3-F71BD31DC3A3}.Release|x86.ActiveCfg = Release|Win32
		{7754E33A-A088-4DD5-9CD3-F71BD31DC3A3}.Release|x86.Build.0 = Release|Win32
		{C317D9BE-58C5-4487-8736-08426FFD8E5E}.Debug|x64.ActiveCfg = Debug|x64
		{C317D9BE-58C5-4487-8736-08426FFD8E5E}.Debug|x64.Build.0 = Debug|x64
		{C317D9BE-58C5-4487-8736-08426FFD8E5E}.Debug|x86.ActiveCfg = Debug|Win32
		{C317D9BE-58C5-4487-8736-08426FFD8E5E}.Debug|x86.Build.0 = Debug|Win32
		{C317D9BE-58C5-4487-8736-08426FFD8E5E}.Release|x64.ActiveCfg = Release|x64
		{C317D9BE-58C5-4487-8736-08426FFD8E5E}.Release|x64.Build.0 = Release|x64
		{C317D9BE-58C5-4487-8736-08426FFD8E5E}.Release|x86.ActiveCfg = Release|Win32
		{C317D9BE-58C5-4487-8736-08426FFD8E5E}.Release|x86.Build.0 = Release|Win32
		{69362DE2-E137-4F18-8E0D-67BDC53A0954}.Debug|x64.ActiveCfg = Debug|x64
		{69362DE2-E137-4F18-8E0D-67BDC53A0954}.Debug|x64.Build.0 = Debug|x64
		{69362DE2-E137-4F18-8E0D-67BDC53A0954}.Debug|x86.ActiveCfg = Debug|Win32
		{69362DE2-E137-4F18-8E0D-67BDC53A0954}.Debug|x86.Build.0 = Debug|Win32
		{69362DE2-E137-4F18-8E0D-67BDC53A0954}.Release|x64.ActiveCfg = Release|x64
		{69362DE2-E137-4F18-8E0D-67BDC53A0954}.Release|x64.Build.0 = Release|x64
		{69362DE2-E137-4F18-8E0D-67BDC53A0954}.Release|x86.ActiveCfg = Release|Win32
		{69362DE2-E137-4F18-8E0D-67BDC53A0954}.Release|x86.Build.0 = Release|Win32
		{F38C20A6-E049-46CB-813E-3BB1230E84C8}.Debug|x64.ActiveCfg = Debug|x64
		{F38C20A6-E049-46CB-813E-3BB1230E84C8}.Debug|x64.Build.0 = Debug|x64
		{F38C20A6-E049-46CB-813E-3BB1230E84C8}.Debug|x86.ActiveCfg = Debug|Win32
		{F38C20A6-E049-46CB-813E-3BB1230E84C8}.Debug|x86.Build.0 = Debug|Win32
		{F38C20A6-E049-46CB-813E-3BB1230E84C8}.Release|x64.ActiveCfg = Release|x64
		{F38C20A6-E049-46CB-813E-3BB1230E84C8}.Release|x64.Build.0 = Release|x64
		{F38C20A6-E049-46CB-813E-3BB1230E84C8}.Release|x86.ActiveCfg = Release|Win32
		{F38C20A6-E049-46CB-813E-3BB1230E84C8}.Release|x86.Build.0 = Release|Win32
	EndGlobalSection
	GlobalSection(SolutionProperties) = preSolution
		HideSolutionNode = FALSE
	EndGlobalSection
	GlobalSection(ExtensibilityGlobals) = postSolution
		SolutionGuid = {AD40B7B2-7CE7-4F7B-A25F-F8C43B706F30}
	EndGlobalSection
EndGlobal
